// !$*UTF8*$!
{
	archiveVersion = 1;
	classes = {
	};
	objectVersion = 77;
	objects = {

/* Begin PBXBuildFile section */
		2F14FC652D6DEF24009C8110 /* Assets.xcassets in Resources */ = {isa = PBXBuildFile; fileRef = 2F14FC5E2D6DEF24009C8110 /* Assets.xcassets */; };
		2F14FC662D6DEF24009C8110 /* Preview Assets.xcassets in Resources */ = {isa = PBXBuildFile; fileRef = 2F14FC602D6DEF24009C8110 /* Preview Assets.xcassets */; };
		2F14FC672D6DEF24009C8110 /* TodoPersistence.swift in Sources */ = {isa = PBXBuildFile; fileRef = 2F14FC4D2D6DEF24009C8110 /* TodoPersistence.swift */; };
		2F14FC682D6DEF24009C8110 /* LocalTodoRepository.swift in Sources */ = {isa = PBXBuildFile; fileRef = 2F14FC4F2D6DEF24009C8110 /* LocalTodoRepository.swift */; };
		2F14FC692D6DEF24009C8110 /* Todo.swift in Sources */ = {isa = PBXBuildFile; fileRef = 2F14FC522D6DEF24009C8110 /* Todo.swift */; };
		2F14FC6A2D6DEF24009C8110 /* TodoRepository.swift in Sources */ = {isa = PBXBuildFile; fileRef = 2F14FC542D6DEF24009C8110 /* TodoRepository.swift */; };
		2F14FC6B2D6DEF24009C8110 /* TodoUseCase.swift in Sources */ = {isa = PBXBuildFile; fileRef = 2F14FC562D6DEF24009C8110 /* TodoUseCase.swift */; };
		2F14FC6C2D6DEF24009C8110 /* TodoListViewModel.swift in Sources */ = {isa = PBXBuildFile; fileRef = 2F14FC592D6DEF24009C8110 /* TodoListViewModel.swift */; };
		2F14FC6D2D6DEF24009C8110 /* TodoListView.swift in Sources */ = {isa = PBXBuildFile; fileRef = 2F14FC5B2D6DEF24009C8110 /* TodoListView.swift */; };
		2F14FC6E2D6DEF24009C8110 /* CleanTodoApp.swift in Sources */ = {isa = PBXBuildFile; fileRef = 2F14FC632D6DEF24009C8110 /* CleanTodoApp.swift */; };
		2F14FC702D6DF67F009C8110 /* NetworkTodoRepository.swift in Sources */ = {isa = PBXBuildFile; fileRef = 2F14FC6F2D6DF67F009C8110 /* NetworkTodoRepository.swift */; };
		2FE59E8D2D76FA9700A97AD6 /* TodoEntity.swift in Sources */ = {isa = PBXBuildFile; fileRef = 2FE59E8C2D76FA9700A97AD6 /* TodoEntity.swift */; };
		2FE59E902D7702EF00A97AD6 /* TodoDatabase.xcdatamodeld in Sources */ = {isa = PBXBuildFile; fileRef = 2FE59E8E2D7702EF00A97AD6 /* TodoDatabase.xcdatamodeld */; };
		2FE5A1892D7AE89900A97AD6 /* NetworkTodoRepository.swift in Sources */ = {isa = PBXBuildFile; fileRef = 2F14FC6F2D6DF67F009C8110 /* NetworkTodoRepository.swift */; };
		2FE5A18E2D7AE91C00A97AD6 /* Todo.swift in Sources */ = {isa = PBXBuildFile; fileRef = 2F14FC522D6DEF24009C8110 /* Todo.swift */; };
		2FE5A1912D7AEA6800A97AD6 /* TodoRepository.swift in Sources */ = {isa = PBXBuildFile; fileRef = 2F14FC542D6DEF24009C8110 /* TodoRepository.swift */; };
/* End PBXBuildFile section */

/* Begin PBXContainerItemProxy section */
		2FE5A17A2D7AE68100A97AD6 /* PBXContainerItemProxy */ = {
			isa = PBXContainerItemProxy;
			containerPortal = 2F14FBC32D6CBFF2009C8110 /* Project object */;
			proxyType = 1;
			remoteGlobalIDString = 2F14FBCA2D6CBFF2009C8110;
			remoteInfo = CleanTodo;
		};
/* End PBXContainerItemProxy section */

/* Begin PBXFileReference section */
		2F14FBCB2D6CBFF2009C8110 /* CleanTodo.app */ = {isa = PBXFileReference; explicitFileType = wrapper.application; includeInIndex = 0; path = CleanTodo.app; sourceTree = BUILT_PRODUCTS_DIR; };
		2F14FC4D2D6DEF24009C8110 /* TodoPersistence.swift */ = {isa = PBXFileReference; lastKnownFileType = sourcecode.swift; path = TodoPersistence.swift; sourceTree = "<group>"; };
		2F14FC4F2D6DEF24009C8110 /* LocalTodoRepository.swift */ = {isa = PBXFileReference; lastKnownFileType = sourcecode.swift; path = LocalTodoRepository.swift; sourceTree = "<group>"; };
		2F14FC522D6DEF24009C8110 /* Todo.swift */ = {isa = PBXFileReference; lastKnownFileType = sourcecode.swift; path = Todo.swift; sourceTree = "<group>"; };
		2F14FC542D6DEF24009C8110 /* TodoRepository.swift */ = {isa = PBXFileReference; lastKnownFileType = sourcecode.swift; path = TodoRepository.swift; sourceTree = "<group>"; };
		2F14FC562D6DEF24009C8110 /* TodoUseCase.swift */ = {isa = PBXFileReference; lastKnownFileType = sourcecode.swift; path = TodoUseCase.swift; sourceTree = "<group>"; };
		2F14FC592D6DEF24009C8110 /* TodoListViewModel.swift */ = {isa = PBXFileReference; lastKnownFileType = sourcecode.swift; path = TodoListViewModel.swift; sourceTree = "<group>"; };
		2F14FC5B2D6DEF24009C8110 /* TodoListView.swift */ = {isa = PBXFileReference; lastKnownFileType = sourcecode.swift; path = TodoListView.swift; sourceTree = "<group>"; };
		2F14FC5E2D6DEF24009C8110 /* Assets.xcassets */ = {isa = PBXFileReference; lastKnownFileType = folder.assetcatalog; path = Assets.xcassets; sourceTree = "<group>"; };
		2F14FC5F2D6DEF24009C8110 /* CleanTodo.entitlements */ = {isa = PBXFileReference; lastKnownFileType = text.plist.entitlements; path = CleanTodo.entitlements; sourceTree = "<group>"; };
		2F14FC602D6DEF24009C8110 /* Preview Assets.xcassets */ = {isa = PBXFileReference; lastKnownFileType = folder.assetcatalog; path = "Preview Assets.xcassets"; sourceTree = "<group>"; };
		2F14FC632D6DEF24009C8110 /* CleanTodoApp.swift */ = {isa = PBXFileReference; lastKnownFileType = sourcecode.swift; path = CleanTodoApp.swift; sourceTree = "<group>"; };
		2F14FC6F2D6DF67F009C8110 /* NetworkTodoRepository.swift */ = {isa = PBXFileReference; lastKnownFileType = sourcecode.swift; path = NetworkTodoRepository.swift; sourceTree = "<group>"; };
		2FE59E8C2D76FA9700A97AD6 /* TodoEntity.swift */ = {isa = PBXFileReference; lastKnownFileType = sourcecode.swift; path = TodoEntity.swift; sourceTree = "<group>"; };
		2FE59E8F2D7702EF00A97AD6 /* TodoDatabase.xcdatamodel */ = {isa = PBXFileReference; lastKnownFileType = wrapper.xcdatamodel; path = TodoDatabase.xcdatamodel; sourceTree = "<group>"; };
		2FE5A1762D7AE68100A97AD6 /* CleanTodoTests.xctest */ = {isa = PBXFileReference; explicitFileType = wrapper.cfbundle; includeInIndex = 0; path = CleanTodoTests.xctest; sourceTree = BUILT_PRODUCTS_DIR; };
/* End PBXFileReference section */

/* Begin PBXFileSystemSynchronizedBuildFileExceptionSet section */
		2FE5A18B2D7AE8D200A97AD6 /* Exceptions for "API" folder in "CleanTodoTests" target */ = {
			isa = PBXFileSystemSynchronizedBuildFileExceptionSet;
			membershipExceptions = (
				APIClient.swift,
				Request/TodoAPIRequest.swift,
				Response/TodoAPIResponse.swift,
			);
			target = 2FE5A1752D7AE68100A97AD6 /* CleanTodoTests */;
		};
		2FE5A1902D7AEA5300A97AD6 /* Exceptions for "Extension" folder in "CleanTodoTests" target */ = {
			isa = PBXFileSystemSynchronizedBuildFileExceptionSet;
			membershipExceptions = (
				Encodable.swift,
			);
			target = 2FE5A1752D7AE68100A97AD6 /* CleanTodoTests */;
		};
/* End PBXFileSystemSynchronizedBuildFileExceptionSet section */

/* Begin PBXFileSystemSynchronizedRootGroup section */
		2FE5A1522D795C7A00A97AD6 /* API */ = {
			isa = PBXFileSystemSynchronizedRootGroup;
			exceptions = (
				2FE5A18B2D7AE8D200A97AD6 /* Exceptions for "API" folder in "CleanTodoTests" target */,
			);
			path = API;
			sourceTree = "<group>";
		};
		2FE5A1632D79D95C00A97AD6 /* Extension */ = {
			isa = PBXFileSystemSynchronizedRootGroup;
			exceptions = (
				2FE5A1902D7AEA5300A97AD6 /* Exceptions for "Extension" folder in "CleanTodoTests" target */,
			);
			path = Extension;
			sourceTree = "<group>";
		};
		2FE5A1772D7AE68100A97AD6 /* CleanTodoTests */ = {
			isa = PBXFileSystemSynchronizedRootGroup;
			path = CleanTodoTests;
			sourceTree = "<group>";
		};
/* End PBXFileSystemSynchronizedRootGroup section */

/* Begin PBXFrameworksBuildPhase section */
		2F14FBC82D6CBFF2009C8110 /* Frameworks */ = {
			isa = PBXFrameworksBuildPhase;
			buildActionMask = 2147483647;
			files = (
			);
			runOnlyForDeploymentPostprocessing = 0;
		};
		2FE5A1732D7AE68100A97AD6 /* Frameworks */ = {
			isa = PBXFrameworksBuildPhase;
			buildActionMask = 2147483647;
			files = (
			);
			runOnlyForDeploymentPostprocessing = 0;
		};
/* End PBXFrameworksBuildPhase section */

/* Begin PBXGroup section */
		2F14FBC22D6CBFF2009C8110 = {
			isa = PBXGroup;
			children = (
				2F14FC642D6DEF24009C8110 /* CleanTodo */,
				2FE5A1772D7AE68100A97AD6 /* CleanTodoTests */,
				2F14FBCC2D6CBFF2009C8110 /* Products */,
			);
			sourceTree = "<group>";
		};
		2F14FBCC2D6CBFF2009C8110 /* Products */ = {
			isa = PBXGroup;
			children = (
				2F14FBCB2D6CBFF2009C8110 /* CleanTodo.app */,
				2FE5A1762D7AE68100A97AD6 /* CleanTodoTests.xctest */,
			);
			name = Products;
			sourceTree = "<group>";
		};
		2F14FC4E2D6DEF24009C8110 /* Persistence */ = {
			isa = PBXGroup;
			children = (
				2F14FC4D2D6DEF24009C8110 /* TodoPersistence.swift */,
				2FE59E8C2D76FA9700A97AD6 /* TodoEntity.swift */,
				2FE59E8E2D7702EF00A97AD6 /* TodoDatabase.xcdatamodeld */,
			);
			path = Persistence;
			sourceTree = "<group>";
		};
		2F14FC502D6DEF24009C8110 /* Repositories */ = {
			isa = PBXGroup;
			children = (
				2F14FC4F2D6DEF24009C8110 /* LocalTodoRepository.swift */,
				2F14FC6F2D6DF67F009C8110 /* NetworkTodoRepository.swift */,
			);
			path = Repositories;
			sourceTree = "<group>";
		};
		2F14FC512D6DEF24009C8110 /* Data */ = {
			isa = PBXGroup;
			children = (
				2FE5A1522D795C7A00A97AD6 /* API */,
				2F14FC4E2D6DEF24009C8110 /* Persistence */,
				2F14FC502D6DEF24009C8110 /* Repositories */,
			);
			path = Data;
			sourceTree = "<group>";
		};
		2F14FC532D6DEF24009C8110 /* Entities */ = {
			isa = PBXGroup;
			children = (
				2F14FC522D6DEF24009C8110 /* Todo.swift */,
			);
			path = Entities;
			sourceTree = "<group>";
		};
		2F14FC552D6DEF24009C8110 /* Protocols */ = {
			isa = PBXGroup;
			children = (
				2F14FC542D6DEF24009C8110 /* TodoRepository.swift */,
			);
			path = Protocols;
			sourceTree = "<group>";
		};
		2F14FC572D6DEF24009C8110 /* UseCases */ = {
			isa = PBXGroup;
			children = (
				2F14FC562D6DEF24009C8110 /* TodoUseCase.swift */,
			);
			path = UseCases;
			sourceTree = "<group>";
		};
		2F14FC582D6DEF24009C8110 /* Domain */ = {
			isa = PBXGroup;
			children = (
				2F14FC532D6DEF24009C8110 /* Entities */,
				2F14FC552D6DEF24009C8110 /* Protocols */,
				2F14FC572D6DEF24009C8110 /* UseCases */,
			);
			path = Domain;
			sourceTree = "<group>";
		};
		2F14FC5A2D6DEF24009C8110 /* ViewModels */ = {
			isa = PBXGroup;
			children = (
				2F14FC592D6DEF24009C8110 /* TodoListViewModel.swift */,
			);
			path = ViewModels;
			sourceTree = "<group>";
		};
		2F14FC5C2D6DEF24009C8110 /* Views */ = {
			isa = PBXGroup;
			children = (
				2F14FC5B2D6DEF24009C8110 /* TodoListView.swift */,
			);
			path = Views;
			sourceTree = "<group>";
		};
		2F14FC5D2D6DEF24009C8110 /* Presentation */ = {
			isa = PBXGroup;
			children = (
				2F14FC5A2D6DEF24009C8110 /* ViewModels */,
				2F14FC5C2D6DEF24009C8110 /* Views */,
			);
			path = Presentation;
			sourceTree = "<group>";
		};
		2F14FC612D6DEF24009C8110 /* Resources */ = {
			isa = PBXGroup;
			children = (
				2F14FC5E2D6DEF24009C8110 /* Assets.xcassets */,
				2F14FC5F2D6DEF24009C8110 /* CleanTodo.entitlements */,
				2F14FC602D6DEF24009C8110 /* Preview Assets.xcassets */,
			);
			path = Resources;
			sourceTree = "<group>";
		};
		2F14FC622D6DEF24009C8110 /* SupportingFiles */ = {
			isa = PBXGroup;
			children = (
				2FE5A1632D79D95C00A97AD6 /* Extension */,
				2F14FC632D6DEF24009C8110 /* CleanTodoApp.swift */,
			);
			path = SupportingFiles;
			sourceTree = "<group>";
		};
		2F14FC642D6DEF24009C8110 /* CleanTodo */ = {
			isa = PBXGroup;
			children = (
				2F14FC582D6DEF24009C8110 /* Domain */,
				2F14FC512D6DEF24009C8110 /* Data */,
				2F14FC5D2D6DEF24009C8110 /* Presentation */,
				2F14FC612D6DEF24009C8110 /* Resources */,
				2F14FC622D6DEF24009C8110 /* SupportingFiles */,
			);
			path = CleanTodo;
			sourceTree = "<group>";
		};
/* End PBXGroup section */

/* Begin PBXNativeTarget section */
		2F14FBCA2D6CBFF2009C8110 /* CleanTodo */ = {
			isa = PBXNativeTarget;
			buildConfigurationList = 2F14FBDA2D6CBFF5009C8110 /* Build configuration list for PBXNativeTarget "CleanTodo" */;
			buildPhases = (
				2F14FBC72D6CBFF2009C8110 /* Sources */,
				2F14FBC82D6CBFF2009C8110 /* Frameworks */,
				2F14FBC92D6CBFF2009C8110 /* Resources */,
			);
			buildRules = (
			);
			dependencies = (
			);
			fileSystemSynchronizedGroups = (
				2FE5A1522D795C7A00A97AD6 /* API */,
				2FE5A1632D79D95C00A97AD6 /* Extension */,
			);
			name = CleanTodo;
			packageProductDependencies = (
			);
			productName = CleanTodo;
			productReference = 2F14FBCB2D6CBFF2009C8110 /* CleanTodo.app */;
			productType = "com.apple.product-type.application";
		};
		2FE5A1752D7AE68100A97AD6 /* CleanTodoTests */ = {
			isa = PBXNativeTarget;
			buildConfigurationList = 2FE5A17C2D7AE68100A97AD6 /* Build configuration list for PBXNativeTarget "CleanTodoTests" */;
			buildPhases = (
				2FE5A1722D7AE68100A97AD6 /* Sources */,
				2FE5A1732D7AE68100A97AD6 /* Frameworks */,
				2FE5A1742D7AE68100A97AD6 /* Resources */,
			);
			buildRules = (
			);
			dependencies = (
				2FE5A17B2D7AE68100A97AD6 /* PBXTargetDependency */,
			);
			fileSystemSynchronizedGroups = (
				2FE5A1772D7AE68100A97AD6 /* CleanTodoTests */,
			);
			name = CleanTodoTests;
			packageProductDependencies = (
			);
			productName = CleanTodoTests;
			productReference = 2FE5A1762D7AE68100A97AD6 /* CleanTodoTests.xctest */;
			productType = "com.apple.product-type.bundle.unit-test";
		};
/* End PBXNativeTarget section */

/* Begin PBXProject section */
		2F14FBC32D6CBFF2009C8110 /* Project object */ = {
			isa = PBXProject;
			attributes = {
				BuildIndependentTargetsInParallel = 1;
				LastSwiftUpdateCheck = 1610;
				LastUpgradeCheck = 1610;
				TargetAttributes = {
					2F14FBCA2D6CBFF2009C8110 = {
						CreatedOnToolsVersion = 16.1;
					};
					2FE5A1752D7AE68100A97AD6 = {
						CreatedOnToolsVersion = 16.1;
						TestTargetID = 2F14FBCA2D6CBFF2009C8110;
					};
				};
			};
			buildConfigurationList = 2F14FBC62D6CBFF2009C8110 /* Build configuration list for PBXProject "CleanTodo" */;
			developmentRegion = en;
			hasScannedForEncodings = 0;
			knownRegions = (
				en,
				Base,
			);
			mainGroup = 2F14FBC22D6CBFF2009C8110;
			minimizedProjectReferenceProxies = 1;
			preferredProjectObjectVersion = 77;
			productRefGroup = 2F14FBCC2D6CBFF2009C8110 /* Products */;
			projectDirPath = "";
			projectRoot = "";
			targets = (
				2F14FBCA2D6CBFF2009C8110 /* CleanTodo */,
				2FE5A1752D7AE68100A97AD6 /* CleanTodoTests */,
			);
		};
/* End PBXProject section */

/* Begin PBXResourcesBuildPhase section */
		2F14FBC92D6CBFF2009C8110 /* Resources */ = {
			isa = PBXResourcesBuildPhase;
			buildActionMask = 2147483647;
			files = (
				2F14FC652D6DEF24009C8110 /* Assets.xcassets in Resources */,
				2F14FC662D6DEF24009C8110 /* Preview Assets.xcassets in Resources */,
			);
			runOnlyForDeploymentPostprocessing = 0;
		};
		2FE5A1742D7AE68100A97AD6 /* Resources */ = {
			isa = PBXResourcesBuildPhase;
			buildActionMask = 2147483647;
			files = (
			);
			runOnlyForDeploymentPostprocessing = 0;
		};
/* End PBXResourcesBuildPhase section */

/* Begin PBXSourcesBuildPhase section */
		2F14FBC72D6CBFF2009C8110 /* Sources */ = {
			isa = PBXSourcesBuildPhase;
			buildActionMask = 2147483647;
			files = (
				2FE59E8D2D76FA9700A97AD6 /* TodoEntity.swift in Sources */,
				2F14FC672D6DEF24009C8110 /* TodoPersistence.swift in Sources */,
				2F14FC682D6DEF24009C8110 /* LocalTodoRepository.swift in Sources */,
				2FE59E902D7702EF00A97AD6 /* TodoDatabase.xcdatamodeld in Sources */,
				2F14FC692D6DEF24009C8110 /* Todo.swift in Sources */,
				2F14FC6A2D6DEF24009C8110 /* TodoRepository.swift in Sources */,
				2F14FC6B2D6DEF24009C8110 /* TodoUseCase.swift in Sources */,
				2F14FC702D6DF67F009C8110 /* NetworkTodoRepository.swift in Sources */,
				2F14FC6C2D6DEF24009C8110 /* TodoListViewModel.swift in Sources */,
				2F14FC6D2D6DEF24009C8110 /* TodoListView.swift in Sources */,
				2F14FC6E2D6DEF24009C8110 /* CleanTodoApp.swift in Sources */,
			);
			runOnlyForDeploymentPostprocessing = 0;
		};
		2FE5A1722D7AE68100A97AD6 /* Sources */ = {
			isa = PBXSourcesBuildPhase;
			buildActionMask = 2147483647;
			files = (
				2FE5A18E2D7AE91C00A97AD6 /* Todo.swift in Sources */,
				2FE5A1912D7AEA6800A97AD6 /* TodoRepository.swift in Sources */,
				2FE5A1892D7AE89900A97AD6 /* NetworkTodoRepository.swift in Sources */,
			);
			runOnlyForDeploymentPostprocessing = 0;
		};
/* End PBXSourcesBuildPhase section */

/* Begin PBXTargetDependency section */
		2FE5A17B2D7AE68100A97AD6 /* PBXTargetDependency */ = {
			isa = PBXTargetDependency;
			target = 2F14FBCA2D6CBFF2009C8110 /* CleanTodo */;
			targetProxy = 2FE5A17A2D7AE68100A97AD6 /* PBXContainerItemProxy */;
		};
/* End PBXTargetDependency section */

/* Begin XCBuildConfiguration section */
		2F14FBD82D6CBFF5009C8110 /* Debug */ = {
			isa = XCBuildConfiguration;
			buildSettings = {
				ALWAYS_SEARCH_USER_PATHS = NO;
				ASSETCATALOG_COMPILER_GENERATE_SWIFT_ASSET_SYMBOL_EXTENSIONS = YES;
				CLANG_ANALYZER_NONNULL = YES;
				CLANG_ANALYZER_NUMBER_OBJECT_CONVERSION = YES_AGGRESSIVE;
				CLANG_CXX_LANGUAGE_STANDARD = "gnu++20";
				CLANG_ENABLE_MODULES = YES;
				CLANG_ENABLE_OBJC_ARC = YES;
				CLANG_ENABLE_OBJC_WEAK = YES;
				CLANG_WARN_BLOCK_CAPTURE_AUTORELEASING = YES;
				CLANG_WARN_BOOL_CONVERSION = YES;
				CLANG_WARN_COMMA = YES;
				CLANG_WARN_CONSTANT_CONVERSION = YES;
				CLANG_WARN_DEPRECATED_OBJC_IMPLEMENTATIONS = YES;
				CLANG_WARN_DIRECT_OBJC_ISA_USAGE = YES_ERROR;
				CLANG_WARN_DOCUMENTATION_COMMENTS = YES;
				CLANG_WARN_EMPTY_BODY = YES;
				CLANG_WARN_ENUM_CONVERSION = YES;
				CLANG_WARN_INFINITE_RECURSION = YES;
				CLANG_WARN_INT_CONVERSION = YES;
				CLANG_WARN_NON_LITERAL_NULL_CONVERSION = YES;
				CLANG_WARN_OBJC_IMPLICIT_RETAIN_SELF = YES;
				CLANG_WARN_OBJC_LITERAL_CONVERSION = YES;
				CLANG_WARN_OBJC_ROOT_CLASS = YES_ERROR;
				CLANG_WARN_QUOTED_INCLUDE_IN_FRAMEWORK_HEADER = YES;
				CLANG_WARN_RANGE_LOOP_ANALYSIS = YES;
				CLANG_WARN_STRICT_PROTOTYPES = YES;
				CLANG_WARN_SUSPICIOUS_MOVE = YES;
				CLANG_WARN_UNGUARDED_AVAILABILITY = YES_AGGRESSIVE;
				CLANG_WARN_UNREACHABLE_CODE = YES;
				CLANG_WARN__DUPLICATE_METHOD_MATCH = YES;
				COPY_PHASE_STRIP = NO;
				DEBUG_INFORMATION_FORMAT = dwarf;
				ENABLE_STRICT_OBJC_MSGSEND = YES;
				ENABLE_TESTABILITY = YES;
				ENABLE_USER_SCRIPT_SANDBOXING = YES;
				GCC_C_LANGUAGE_STANDARD = gnu17;
				GCC_DYNAMIC_NO_PIC = NO;
				GCC_NO_COMMON_BLOCKS = YES;
				GCC_OPTIMIZATION_LEVEL = 0;
				GCC_PREPROCESSOR_DEFINITIONS = (
					"DEBUG=1",
					"$(inherited)",
				);
				GCC_WARN_64_TO_32_BIT_CONVERSION = YES;
				GCC_WARN_ABOUT_RETURN_TYPE = YES_ERROR;
				GCC_WARN_UNDECLARED_SELECTOR = YES;
				GCC_WARN_UNINITIALIZED_AUTOS = YES_AGGRESSIVE;
				GCC_WARN_UNUSED_FUNCTION = YES;
				GCC_WARN_UNUSED_VARIABLE = YES;
				LOCALIZATION_PREFERS_STRING_CATALOGS = YES;
				MTL_ENABLE_DEBUG_INFO = INCLUDE_SOURCE;
				MTL_FAST_MATH = YES;
				ONLY_ACTIVE_ARCH = YES;
				SWIFT_ACTIVE_COMPILATION_CONDITIONS = "DEBUG $(inherited)";
				SWIFT_OPTIMIZATION_LEVEL = "-Onone";
			};
			name = Debug;
		};
		2F14FBD92D6CBFF5009C8110 /* Release */ = {
			isa = XCBuildConfiguration;
			buildSettings = {
				ALWAYS_SEARCH_USER_PATHS = NO;
				ASSETCATALOG_COMPILER_GENERATE_SWIFT_ASSET_SYMBOL_EXTENSIONS = YES;
				CLANG_ANALYZER_NONNULL = YES;
				CLANG_ANALYZER_NUMBER_OBJECT_CONVERSION = YES_AGGRESSIVE;
				CLANG_CXX_LANGUAGE_STANDARD = "gnu++20";
				CLANG_ENABLE_MODULES = YES;
				CLANG_ENABLE_OBJC_ARC = YES;
				CLANG_ENABLE_OBJC_WEAK = YES;
				CLANG_WARN_BLOCK_CAPTURE_AUTORELEASING = YES;
				CLANG_WARN_BOOL_CONVERSION = YES;
				CLANG_WARN_COMMA = YES;
				CLANG_WARN_CONSTANT_CONVERSION = YES;
				CLANG_WARN_DEPRECATED_OBJC_IMPLEMENTATIONS = YES;
				CLANG_WARN_DIRECT_OBJC_ISA_USAGE = YES_ERROR;
				CLANG_WARN_DOCUMENTATION_COMMENTS = YES;
				CLANG_WARN_EMPTY_BODY = YES;
				CLANG_WARN_ENUM_CONVERSION = YES;
				CLANG_WARN_INFINITE_RECURSION = YES;
				CLANG_WARN_INT_CONVERSION = YES;
				CLANG_WARN_NON_LITERAL_NULL_CONVERSION = YES;
				CLANG_WARN_OBJC_IMPLICIT_RETAIN_SELF = YES;
				CLANG_WARN_OBJC_LITERAL_CONVERSION = YES;
				CLANG_WARN_OBJC_ROOT_CLASS = YES_ERROR;
				CLANG_WARN_QUOTED_INCLUDE_IN_FRAMEWORK_HEADER = YES;
				CLANG_WARN_RANGE_LOOP_ANALYSIS = YES;
				CLANG_WARN_STRICT_PROTOTYPES = YES;
				CLANG_WARN_SUSPICIOUS_MOVE = YES;
				CLANG_WARN_UNGUARDED_AVAILABILITY = YES_AGGRESSIVE;
				CLANG_WARN_UNREACHABLE_CODE = YES;
				CLANG_WARN__DUPLICATE_METHOD_MATCH = YES;
				COPY_PHASE_STRIP = NO;
				DEBUG_INFORMATION_FORMAT = "dwarf-with-dsym";
				ENABLE_NS_ASSERTIONS = NO;
				ENABLE_STRICT_OBJC_MSGSEND = YES;
				ENABLE_USER_SCRIPT_SANDBOXING = YES;
				GCC_C_LANGUAGE_STANDARD = gnu17;
				GCC_NO_COMMON_BLOCKS = YES;
				GCC_WARN_64_TO_32_BIT_CONVERSION = YES;
				GCC_WARN_ABOUT_RETURN_TYPE = YES_ERROR;
				GCC_WARN_UNDECLARED_SELECTOR = YES;
				GCC_WARN_UNINITIALIZED_AUTOS = YES_AGGRESSIVE;
				GCC_WARN_UNUSED_FUNCTION = YES;
				GCC_WARN_UNUSED_VARIABLE = YES;
				LOCALIZATION_PREFERS_STRING_CATALOGS = YES;
				MTL_ENABLE_DEBUG_INFO = NO;
				MTL_FAST_MATH = YES;
				SWIFT_COMPILATION_MODE = wholemodule;
			};
			name = Release;
		};
		2F14FBDB2D6CBFF5009C8110 /* Debug */ = {
			isa = XCBuildConfiguration;
			buildSettings = {
				ASSETCATALOG_COMPILER_APPICON_NAME = AppIcon;
				ASSETCATALOG_COMPILER_GLOBAL_ACCENT_COLOR_NAME = AccentColor;
				CODE_SIGN_ENTITLEMENTS = "";
				CODE_SIGN_STYLE = Automatic;
				CURRENT_PROJECT_VERSION = 1;
				DEVELOPMENT_ASSET_PATHS = "";
				DEVELOPMENT_TEAM = 5KA6J79S24;
				ENABLE_HARDENED_RUNTIME = YES;
				ENABLE_PREVIEWS = YES;
				GENERATE_INFOPLIST_FILE = YES;
				"INFOPLIST_KEY_UIApplicationSceneManifest_Generation[sdk=iphoneos*]" = YES;
				"INFOPLIST_KEY_UIApplicationSceneManifest_Generation[sdk=iphonesimulator*]" = YES;
				"INFOPLIST_KEY_UIApplicationSupportsIndirectInputEvents[sdk=iphoneos*]" = YES;
				"INFOPLIST_KEY_UIApplicationSupportsIndirectInputEvents[sdk=iphonesimulator*]" = YES;
				"INFOPLIST_KEY_UILaunchScreen_Generation[sdk=iphoneos*]" = YES;
				"INFOPLIST_KEY_UILaunchScreen_Generation[sdk=iphonesimulator*]" = YES;
				"INFOPLIST_KEY_UIStatusBarStyle[sdk=iphoneos*]" = UIStatusBarStyleDefault;
				"INFOPLIST_KEY_UIStatusBarStyle[sdk=iphonesimulator*]" = UIStatusBarStyleDefault;
				INFOPLIST_KEY_UISupportedInterfaceOrientations_iPad = "UIInterfaceOrientationPortrait UIInterfaceOrientationPortraitUpsideDown UIInterfaceOrientationLandscapeLeft UIInterfaceOrientationLandscapeRight";
				INFOPLIST_KEY_UISupportedInterfaceOrientations_iPhone = "UIInterfaceOrientationPortrait UIInterfaceOrientationLandscapeLeft UIInterfaceOrientationLandscapeRight";
				IPHONEOS_DEPLOYMENT_TARGET = 18.0;
				LD_RUNPATH_SEARCH_PATHS = "@executable_path/Frameworks";
				"LD_RUNPATH_SEARCH_PATHS[sdk=macosx*]" = "@executable_path/../Frameworks";
				MACOSX_DEPLOYMENT_TARGET = 15.1;
				MARKETING_VERSION = 1.0;
				PRODUCT_BUNDLE_IDENTIFIER = woogie.CleanTodo;
				PRODUCT_NAME = "$(TARGET_NAME)";
				SDKROOT = auto;
				SUPPORTED_PLATFORMS = "iphoneos iphonesimulator";
				SUPPORTS_MACCATALYST = NO;
				SWIFT_EMIT_LOC_STRINGS = YES;
				SWIFT_VERSION = 5.0;
				TARGETED_DEVICE_FAMILY = 1;
				XROS_DEPLOYMENT_TARGET = 2.1;
			};
			name = Debug;
		};
		2F14FBDC2D6CBFF5009C8110 /* Release */ = {
			isa = XCBuildConfiguration;
			buildSettings = {
				ASSETCATALOG_COMPILER_APPICON_NAME = AppIcon;
				ASSETCATALOG_COMPILER_GLOBAL_ACCENT_COLOR_NAME = AccentColor;
				CODE_SIGN_ENTITLEMENTS = "";
				CODE_SIGN_STYLE = Automatic;
				CURRENT_PROJECT_VERSION = 1;
				DEVELOPMENT_ASSET_PATHS = "";
				DEVELOPMENT_TEAM = 5KA6J79S24;
				ENABLE_HARDENED_RUNTIME = YES;
				ENABLE_PREVIEWS = YES;
				GENERATE_INFOPLIST_FILE = YES;
				"INFOPLIST_KEY_UIApplicationSceneManifest_Generation[sdk=iphoneos*]" = YES;
				"INFOPLIST_KEY_UIApplicationSceneManifest_Generation[sdk=iphonesimulator*]" = YES;
				"INFOPLIST_KEY_UIApplicationSupportsIndirectInputEvents[sdk=iphoneos*]" = YES;
				"INFOPLIST_KEY_UIApplicationSupportsIndirectInputEvents[sdk=iphonesimulator*]" = YES;
				"INFOPLIST_KEY_UILaunchScreen_Generation[sdk=iphoneos*]" = YES;
				"INFOPLIST_KEY_UILaunchScreen_Generation[sdk=iphonesimulator*]" = YES;
				"INFOPLIST_KEY_UIStatusBarStyle[sdk=iphoneos*]" = UIStatusBarStyleDefault;
				"INFOPLIST_KEY_UIStatusBarStyle[sdk=iphonesimulator*]" = UIStatusBarStyleDefault;
				INFOPLIST_KEY_UISupportedInterfaceOrientations_iPad = "UIInterfaceOrientationPortrait UIInterfaceOrientationPortraitUpsideDown UIInterfaceOrientationLandscapeLeft UIInterfaceOrientationLandscapeRight";
				INFOPLIST_KEY_UISupportedInterfaceOrientations_iPhone = "UIInterfaceOrientationPortrait UIInterfaceOrientationLandscapeLeft UIInterfaceOrientationLandscapeRight";
				IPHONEOS_DEPLOYMENT_TARGET = 18.0;
				LD_RUNPATH_SEARCH_PATHS = "@executable_path/Frameworks";
				"LD_RUNPATH_SEARCH_PATHS[sdk=macosx*]" = "@executable_path/../Frameworks";
				MACOSX_DEPLOYMENT_TARGET = 15.1;
				MARKETING_VERSION = 1.0;
				PRODUCT_BUNDLE_IDENTIFIER = woogie.CleanTodo;
				PRODUCT_NAME = "$(TARGET_NAME)";
				SDKROOT = auto;
				SUPPORTED_PLATFORMS = "iphoneos iphonesimulator";
				SUPPORTS_MACCATALYST = NO;
				SWIFT_EMIT_LOC_STRINGS = YES;
				SWIFT_VERSION = 5.0;
				TARGETED_DEVICE_FAMILY = 1;
				XROS_DEPLOYMENT_TARGET = 2.1;
			};
			name = Release;
		};
		2FE5A17D2D7AE68100A97AD6 /* Debug */ = {
			isa = XCBuildConfiguration;
			buildSettings = {
				BUNDLE_LOADER = "$(TEST_HOST)";
				CODE_SIGN_STYLE = Automatic;
				CURRENT_PROJECT_VERSION = 1;
				DEVELOPMENT_TEAM = 5KA6J79S24;
				GENERATE_INFOPLIST_FILE = YES;
				IPHONEOS_DEPLOYMENT_TARGET = 18.1;
				MARKETING_VERSION = 1.0;
				PRODUCT_BUNDLE_IDENTIFIER = woogie.CleanTodoTests;
				PRODUCT_NAME = "$(TARGET_NAME)";
				SDKROOT = iphoneos;
				SWIFT_EMIT_LOC_STRINGS = NO;
				SWIFT_VERSION = 5.0;
				TARGETED_DEVICE_FAMILY = "1,2";
				TEST_HOST = "$(BUILT_PRODUCTS_DIR)/CleanTodo.app/$(BUNDLE_EXECUTABLE_FOLDER_PATH)/CleanTodo";
			};
			name = Debug;
		};
		2FE5A17E2D7AE68100A97AD6 /* Release */ = {
			isa = XCBuildConfiguration;
			buildSettings = {
				BUNDLE_LOADER = "$(TEST_HOST)";
				CODE_SIGN_STYLE = Automatic;
				CURRENT_PROJECT_VERSION = 1;
				DEVELOPMENT_TEAM = 5KA6J79S24;
				GENERATE_INFOPLIST_FILE = YES;
				IPHONEOS_DEPLOYMENT_TARGET = 18.1;
				MARKETING_VERSION = 1.0;
				PRODUCT_BUNDLE_IDENTIFIER = woogie.CleanTodoTests;
				PRODUCT_NAME = "$(TARGET_NAME)";
				SDKROOT = iphoneos;
				SWIFT_EMIT_LOC_STRINGS = NO;
				SWIFT_VERSION = 5.0;
				TARGETED_DEVICE_FAMILY = "1,2";
				TEST_HOST = "$(BUILT_PRODUCTS_DIR)/CleanTodo.app/$(BUNDLE_EXECUTABLE_FOLDER_PATH)/CleanTodo";
				VALIDATE_PRODUCT = YES;
			};
			name = Release;
		};
/* End XCBuildConfiguration section */

/* Begin XCConfigurationList section */
		2F14FBC62D6CBFF2009C8110 /* Build configuration list for PBXProject "CleanTodo" */ = {
			isa = XCConfigurationList;
			buildConfigurations = (
				2F14FBD82D6CBFF5009C8110 /* Debug */,
				2F14FBD92D6CBFF5009C8110 /* Release */,
			);
			defaultConfigurationIsVisible = 0;
			defaultConfigurationName = Release;
		};
		2F14FBDA2D6CBFF5009C8110 /* Build configuration list for PBXNativeTarget "CleanTodo" */ = {
			isa = XCConfigurationList;
			buildConfigurations = (
				2F14FBDB2D6CBFF5009C8110 /* Debug */,
				2F14FBDC2D6CBFF5009C8110 /* Release */,
			);
			defaultConfigurationIsVisible = 0;
			defaultConfigurationName = Release;
		};
		2FE5A17C2D7AE68100A97AD6 /* Build configuration list for PBXNativeTarget "CleanTodoTests" */ = {
			isa = XCConfigurationList;
			buildConfigurations = (
				2FE5A17D2D7AE68100A97AD6 /* Debug */,
				2FE5A17E2D7AE68100A97AD6 /* Release */,
			);
			defaultConfigurationIsVisible = 0;
			defaultConfigurationName = Release;
		};
/* End XCConfigurationList section */

/* Begin XCVersionGroup section */
		2FE59E8E2D7702EF00A97AD6 /* TodoDatabase.xcdatamodeld */ = {
			isa = XCVersionGroup;
			children = (
				2FE59E8F2D7702EF00A97AD6 /* TodoDatabase.xcdatamodel */,
			);
			currentVersion = 2FE59E8F2D7702EF00A97AD6 /* TodoDatabase.xcdatamodel */;
			path = TodoDatabase.xcdatamodeld;
			sourceTree = "<group>";
			versionGroupType = wrapper.xcdatamodel;
		};
/* End XCVersionGroup section */
	};
	rootObject = 2F14FBC32D6CBFF2009C8110 /* Project object */;
}
